
Microsoft Visual Studio Solution File, Format Version 12.00
# Visual Studio Version 17
VisualStudioVersion = 17.12.35527.113 d17.12
MinimumVisualStudioVersion = 10.0.40219.1
Project("{FAE04EC0-301F-11D3-BF4B-00C04F79EFBC}") = "MultithreadingSumOfMassive", "MultithreadingSumOfMassive\MultithreadingSumOfMassive.csproj", "{5AE603E6-25BB-4F20-B565-6D2851D89E1F}"
EndProject
Project("{FAE04EC0-301F-11D3-BF4B-00C04F79EFBC}") = "TestThreading", "TestThreading\TestThreading.csproj", "{A7EC086C-F69B-4E1D-A721-21AB2274877B}"
EndProject
Global
	GlobalSection(SolutionConfigurationPlatforms) = preSolution
		Debug|Any CPU = Debug|Any CPU
		Release|Any CPU = Release|Any CPU
	EndGlobalSection
	GlobalSection(ProjectConfigurationPlatforms) = postSolution
		{5AE603E6-25BB-4F20-B565-6D2851D89E1F}.Debug|Any CPU.ActiveCfg = Debug|Any CPU
		{5AE603E6-25BB-4F20-B565-6D2851D89E1F}.Debug|Any CPU.Build.0 = Debug|Any CPU
		{5AE603E6-25BB-4F20-B565-6D2851D89E1F}.Release|Any CPU.ActiveCfg = Release|Any CPU
		{5AE603E6-25BB-4F20-B565-6D2851D89E1F}.Release|Any CPU.Build.0 = Release|Any CPU
		{A7EC086C-F69B-4E1D-A721-21AB2274877B}.Debug|Any CPU.ActiveCfg = Debug|Any CPU
		{A7EC086C-F69B-4E1D-A721-21AB2274877B}.Debug|Any CPU.Build.0 = Debug|Any CPU
		{A7EC086C-F69B-4E1D-A721-21AB2274877B}.Release|Any CPU.ActiveCfg = Release|Any CPU
		{A7EC086C-F69B-4E1D-A721-21AB2274877B}.Release|Any CPU.Build.0 = Release|Any CPU
	EndGlobalSection
	GlobalSection(SolutionProperties) = preSolution
		HideSolutionNode = FALSE
	EndGlobalSection
EndGlobal
